
Microsoft Visual Studio Solution File, Format Version 12.00
# Visual Studio Version 16
VisualStudioVersion = 16.0.30114.105
MinimumVisualStudioVersion = 10.0.40219.1
Project("{FAE04EC0-301F-11D3-BF4B-00C04F79EFBC}") = "ChromoSolve", "ChromoSolve\ChromoSolve.csproj", "{6DB8E669-0671-4623-8362-1E9AF338F6CA}"
EndProject
Project("{FAE04EC0-301F-11D3-BF4B-00C04F79EFBC}") = "UnitTests", "Tests\UnitTests\UnitTests.csproj", "{94F9B62F-25EC-4533-A020-C7207FB297F2}"
EndProject
Project("{2150E333-8FDC-42A3-9474-1A3956D46DE8}") = "Samples", "Samples", "{9B9BA759-075F-46E3-BB90-E9FA50405772}"
EndProject
Project("{2150E333-8FDC-42A3-9474-1A3956D46DE8}") = "Tests", "Tests", "{09973AEE-25F0-49FF-928B-CCABF6462C90}"
EndProject
Project("{FAE04EC0-301F-11D3-BF4B-00C04F79EFBC}") = "TravelingSalesman", "Samples\TravelingSalesman\TravelingSalesman.csproj", "{C77455B6-2542-41DD-9604-18EB5FE77B52}"
EndProject
Project("{FAE04EC0-301F-11D3-BF4B-00C04F79EFBC}") = "Knapsack", "Samples\Knapsack\Knapsack.csproj", "{05027FE2-2C4E-4676-8E37-B90B0B6974B9}"
EndProject
Global
	GlobalSection(SolutionConfigurationPlatforms) = preSolution
		Debug|Any CPU = Debug|Any CPU
		Release|Any CPU = Release|Any CPU
	EndGlobalSection
	GlobalSection(SolutionProperties) = preSolution
		HideSolutionNode = FALSE
	EndGlobalSection
	GlobalSection(ProjectConfigurationPlatforms) = postSolution
		{6DB8E669-0671-4623-8362-1E9AF338F6CA}.Debug|Any CPU.ActiveCfg = Debug|Any CPU
		{6DB8E669-0671-4623-8362-1E9AF338F6CA}.Debug|Any CPU.Build.0 = Debug|Any CPU
		{6DB8E669-0671-4623-8362-1E9AF338F6CA}.Release|Any CPU.ActiveCfg = Release|Any CPU
		{6DB8E669-0671-4623-8362-1E9AF338F6CA}.Release|Any CPU.Build.0 = Release|Any CPU
		{94F9B62F-25EC-4533-A020-C7207FB297F2}.Debug|Any CPU.ActiveCfg = Debug|Any CPU
		{94F9B62F-25EC-4533-A020-C7207FB297F2}.Debug|Any CPU.Build.0 = Debug|Any CPU
		{94F9B62F-25EC-4533-A020-C7207FB297F2}.Release|Any CPU.ActiveCfg = Release|Any CPU
		{94F9B62F-25EC-4533-A020-C7207FB297F2}.Release|Any CPU.Build.0 = Release|Any CPU
		{C77455B6-2542-41DD-9604-18EB5FE77B52}.Debug|Any CPU.ActiveCfg = Debug|Any CPU
		{C77455B6-2542-41DD-9604-18EB5FE77B52}.Debug|Any CPU.Build.0 = Debug|Any CPU
		{C77455B6-2542-41DD-9604-18EB5FE77B52}.Release|Any CPU.ActiveCfg = Release|Any CPU
		{C77455B6-2542-41DD-9604-18EB5FE77B52}.Release|Any CPU.Build.0 = Release|Any CPU
		{05027FE2-2C4E-4676-8E37-B90B0B6974B9}.Debug|Any CPU.ActiveCfg = Debug|Any CPU
		{05027FE2-2C4E-4676-8E37-B90B0B6974B9}.Debug|Any CPU.Build.0 = Debug|Any CPU
		{05027FE2-2C4E-4676-8E37-B90B0B6974B9}.Release|Any CPU.ActiveCfg = Release|Any CPU
		{05027FE2-2C4E-4676-8E37-B90B0B6974B9}.Release|Any CPU.Build.0 = Release|Any CPU
	EndGlobalSection
	GlobalSection(NestedProjects) = preSolution
		{94F9B62F-25EC-4533-A020-C7207FB297F2} = {09973AEE-25F0-49FF-928B-CCABF6462C90}
		{C77455B6-2542-41DD-9604-18EB5FE77B52} = {9B9BA759-075F-46E3-BB90-E9FA50405772}
		{05027FE2-2C4E-4676-8E37-B90B0B6974B9} = {9B9BA759-075F-46E3-BB90-E9FA50405772}
	EndGlobalSection
EndGlobal
